
Microsoft Visual Studio Solution File, Format Version 11.00
# Visual Studio 2010
# SharpDevelop 5.1
Project("{FAE04EC0-301F-11D3-BF4B-00C04F79EFBC}") = "copy-multithread", "copy-multithread\copy-multithread.csproj", "{5064447E-95F8-4305-8136-CED6C191457B}"
EndProject
Global
	GlobalSection(SolutionConfigurationPlatforms) = preSolution
		Debug|Any CPU = Debug|Any CPU
		Release|Any CPU = Release|Any CPU
	EndGlobalSection
	GlobalSection(ProjectConfigurationPlatforms) = postSolution
		{5064447E-95F8-4305-8136-CED6C191457B}.Debug|Any CPU.ActiveCfg = Debug|Any CPU
		{5064447E-95F8-4305-8136-CED6C191457B}.Debug|Any CPU.Build.0 = Debug|Any CPU
		{5064447E-95F8-4305-8136-CED6C191457B}.Release|Any CPU.ActiveCfg = Release|Any CPU
		{5064447E-95F8-4305-8136-CED6C191457B}.Release|Any CPU.Build.0 = Release|Any CPU
	EndGlobalSection
EndGlobal
